
Microsoft Visual Studio Solution File, Format Version 12.00
# Visual Studio Version 17
VisualStudioVersion = 17.7.34024.191
MinimumVisualStudioVersion = 10.0.40219.1
Project("{FAE04EC0-301F-11D3-BF4B-00C04F79EFBC}") = "Calculator", "Calculator.csproj", "{80B1CD32-751E-4A40-8822-A17E109D73C8}"
EndProject
Project("{FAE04EC0-301F-11D3-BF4B-00C04F79EFBC}") = "AdditionService", "..\AdditionService\AdditionService.csproj", "{A0F2D5D4-6E79-46E9-9976-6E13241C2BA7}"
EndProject
Project("{FAE04EC0-301F-11D3-BF4B-00C04F79EFBC}") = "RetractionService", "..\RetractionService\RetractionService.csproj", "{3F8A58E3-8970-46A8-B3A8-C708A25F0EA0}"
EndProject
Global
	GlobalSection(SolutionConfigurationPlatforms) = preSolution
		Debug|Any CPU = Debug|Any CPU
		Release|Any CPU = Release|Any CPU
	EndGlobalSection
	GlobalSection(ProjectConfigurationPlatforms) = postSolution
		{80B1CD32-751E-4A40-8822-A17E109D73C8}.Debug|Any CPU.ActiveCfg = Debug|Any CPU
		{80B1CD32-751E-4A40-8822-A17E109D73C8}.Debug|Any CPU.Build.0 = Debug|Any CPU
		{80B1CD32-751E-4A40-8822-A17E109D73C8}.Release|Any CPU.ActiveCfg = Release|Any CPU
		{80B1CD32-751E-4A40-8822-A17E109D73C8}.Release|Any CPU.Build.0 = Release|Any CPU
		{A0F2D5D4-6E79-46E9-9976-6E13241C2BA7}.Debug|Any CPU.ActiveCfg = Debug|Any CPU
		{A0F2D5D4-6E79-46E9-9976-6E13241C2BA7}.Debug|Any CPU.Build.0 = Debug|Any CPU
		{A0F2D5D4-6E79-46E9-9976-6E13241C2BA7}.Release|Any CPU.ActiveCfg = Release|Any CPU
		{A0F2D5D4-6E79-46E9-9976-6E13241C2BA7}.Release|Any CPU.Build.0 = Release|Any CPU
		{3F8A58E3-8970-46A8-B3A8-C708A25F0EA0}.Debug|Any CPU.ActiveCfg = Debug|Any CPU
		{3F8A58E3-8970-46A8-B3A8-C708A25F0EA0}.Debug|Any CPU.Build.0 = Debug|Any CPU
		{3F8A58E3-8970-46A8-B3A8-C708A25F0EA0}.Release|Any CPU.ActiveCfg = Release|Any CPU
		{3F8A58E3-8970-46A8-B3A8-C708A25F0EA0}.Release|Any CPU.Build.0 = Release|Any CPU
	EndGlobalSection
	GlobalSection(SolutionProperties) = preSolution
		HideSolutionNode = FALSE
	EndGlobalSection
	GlobalSection(ExtensibilityGlobals) = postSolution
		SolutionGuid = {DBA71388-F96F-4FD3-8E59-626DEF21C056}
	EndGlobalSection
EndGlobal
