
Microsoft Visual Studio Solution File, Format Version 12.00
# Visual Studio Version 17
VisualStudioVersion = 17.7.34024.191
MinimumVisualStudioVersion = 10.0.40219.1
Project("{FAE04EC0-301F-11D3-BF4B-00C04F79EFBC}") = "Calculator", "Calculator.csproj", "{80B1CD32-751E-4A40-8822-A17E109D73C8}"
EndProject
Project("{9A19103F-16F7-4668-BE54-9A1E7A4F7556}") = "AdditionService", "AdditionService\AdditionService.csproj", "{5438515D-27A6-4215-AB51-624AB9F035D1}"
EndProject
Project("{9A19103F-16F7-4668-BE54-9A1E7A4F7556}") = "RetractionService", "RetractionService\RetractionService.csproj", "{69EA6ACC-0DFB-4FD2-9D7A-508618BB73E3}"
EndProject
Project("{E53339B2-1760-4266-BCC7-CA923CBCF16C}") = "docker-compose", "docker-compose.dcproj", "{CF668409-4E77-43E3-8E9B-13F6EBEB501F}"
EndProject
Global
	GlobalSection(SolutionConfigurationPlatforms) = preSolution
		Debug|Any CPU = Debug|Any CPU
		Release|Any CPU = Release|Any CPU
	EndGlobalSection
	GlobalSection(ProjectConfigurationPlatforms) = postSolution
		{80B1CD32-751E-4A40-8822-A17E109D73C8}.Debug|Any CPU.ActiveCfg = Debug|Any CPU
		{80B1CD32-751E-4A40-8822-A17E109D73C8}.Debug|Any CPU.Build.0 = Debug|Any CPU
		{80B1CD32-751E-4A40-8822-A17E109D73C8}.Release|Any CPU.ActiveCfg = Release|Any CPU
		{80B1CD32-751E-4A40-8822-A17E109D73C8}.Release|Any CPU.Build.0 = Release|Any CPU
		{5438515D-27A6-4215-AB51-624AB9F035D1}.Debug|Any CPU.ActiveCfg = Debug|Any CPU
		{5438515D-27A6-4215-AB51-624AB9F035D1}.Debug|Any CPU.Build.0 = Debug|Any CPU
		{5438515D-27A6-4215-AB51-624AB9F035D1}.Release|Any CPU.ActiveCfg = Release|Any CPU
		{5438515D-27A6-4215-AB51-624AB9F035D1}.Release|Any CPU.Build.0 = Release|Any CPU
		{69EA6ACC-0DFB-4FD2-9D7A-508618BB73E3}.Debug|Any CPU.ActiveCfg = Debug|Any CPU
		{69EA6ACC-0DFB-4FD2-9D7A-508618BB73E3}.Debug|Any CPU.Build.0 = Debug|Any CPU
		{69EA6ACC-0DFB-4FD2-9D7A-508618BB73E3}.Release|Any CPU.ActiveCfg = Release|Any CPU
		{69EA6ACC-0DFB-4FD2-9D7A-508618BB73E3}.Release|Any CPU.Build.0 = Release|Any CPU
		{CF668409-4E77-43E3-8E9B-13F6EBEB501F}.Debug|Any CPU.ActiveCfg = Debug|Any CPU
		{CF668409-4E77-43E3-8E9B-13F6EBEB501F}.Debug|Any CPU.Build.0 = Debug|Any CPU
		{CF668409-4E77-43E3-8E9B-13F6EBEB501F}.Release|Any CPU.ActiveCfg = Release|Any CPU
		{CF668409-4E77-43E3-8E9B-13F6EBEB501F}.Release|Any CPU.Build.0 = Release|Any CPU
	EndGlobalSection
	GlobalSection(SolutionProperties) = preSolution
		HideSolutionNode = FALSE
	EndGlobalSection
	GlobalSection(ExtensibilityGlobals) = postSolution
		SolutionGuid = {DBA71388-F96F-4FD3-8E59-626DEF21C056}
	EndGlobalSection
EndGlobal
